
Microsoft Visual Studio Solution File, Format Version 12.00
# Visual Studio Version 17
VisualStudioVersion = 17.4.33110.190
MinimumVisualStudioVersion = 10.0.40219.1
Project("{9A19103F-16F7-4668-BE54-9A1E7A4F7556}") = "C_GUI", "C_GUI\C_GUI.csproj", "{40983CBF-9A7D-444A-A379-33ACA4706778}"
EndProject
Project("{9A19103F-16F7-4668-BE54-9A1E7A4F7556}") = "A_DAL", "A_DAL\A_DAL.csproj", "{8EDA6029-EAF4-4170-8365-FD57E38AC66F}"
EndProject
Project("{9A19103F-16F7-4668-BE54-9A1E7A4F7556}") = "B_BUS", "B_BUS\B_BUS.csproj", "{4E1CB0AE-DF70-48AE-A667-26DF2C6D4EE7}"
EndProject
Global
	GlobalSection(SolutionConfigurationPlatforms) = preSolution
		Debug|Any CPU = Debug|Any CPU
		Release|Any CPU = Release|Any CPU
	EndGlobalSection
	GlobalSection(ProjectConfigurationPlatforms) = postSolution
		{40983CBF-9A7D-444A-A379-33ACA4706778}.Debug|Any CPU.ActiveCfg = Debug|Any CPU
		{40983CBF-9A7D-444A-A379-33ACA4706778}.Debug|Any CPU.Build.0 = Debug|Any CPU
		{40983CBF-9A7D-444A-A379-33ACA4706778}.Release|Any CPU.ActiveCfg = Release|Any CPU
		{40983CBF-9A7D-444A-A379-33ACA4706778}.Release|Any CPU.Build.0 = Release|Any CPU
		{8EDA6029-EAF4-4170-8365-FD57E38AC66F}.Debug|Any CPU.ActiveCfg = Debug|Any CPU
		{8EDA6029-EAF4-4170-8365-FD57E38AC66F}.Debug|Any CPU.Build.0 = Debug|Any CPU
		{8EDA6029-EAF4-4170-8365-FD57E38AC66F}.Release|Any CPU.ActiveCfg = Release|Any CPU
		{8EDA6029-EAF4-4170-8365-FD57E38AC66F}.Release|Any CPU.Build.0 = Release|Any CPU
		{4E1CB0AE-DF70-48AE-A667-26DF2C6D4EE7}.Debug|Any CPU.ActiveCfg = Debug|Any CPU
		{4E1CB0AE-DF70-48AE-A667-26DF2C6D4EE7}.Debug|Any CPU.Build.0 = Debug|Any CPU
		{4E1CB0AE-DF70-48AE-A667-26DF2C6D4EE7}.Release|Any CPU.ActiveCfg = Release|Any CPU
		{4E1CB0AE-DF70-48AE-A667-26DF2C6D4EE7}.Release|Any CPU.Build.0 = Release|Any CPU
	EndGlobalSection
	GlobalSection(SolutionProperties) = preSolution
		HideSolutionNode = FALSE
	EndGlobalSection
	GlobalSection(ExtensibilityGlobals) = postSolution
		SolutionGuid = {4B530095-A50E-4F24-A436-CD0629B9A1DA}
	EndGlobalSection
EndGlobal
